version: 1.0
shards:
  kemal:
    github: kemalcr/kemal
    version: 0.22.0

  kilt:
    github: jeromegn/kilt
    version: 0.4.0

  radix:
    github: luislavena/radix
    version: 0.3.8

  sass:
    github: straight-shoota/sass.cr
    commit: 346f904ac1579b2b7652325f288c650974b39bab

  slang:
    github: jeromegn/slang
    commit: 33d5c2c2075460094784904e7ecdd3cd21c8d36e

  spec-kemal:
    github: kemalcr/spec-kemal
    version: 0.4.0

